# This file is automatically @generated by Cargo.
# It is not intended for manual editing.
version = 3

[[package]]
name = "byteorder"
version = "1.4.3"
source = "registry+https://github.com/rust-lang/crates.io-index"
checksum = "14c189c53d098945499cdfa7ecc63567cf3886b3332b312a5b4585d8d3a6a610"

[[package]]
name = "cfb"
version = "0.4.0"
source = "registry+https://github.com/rust-lang/crates.io-index"
checksum = "ca453e8624711b2f0f4eb47076a318feda166252a827ee25d067b43de83dcba0"
dependencies = [
 "byteorder",
 "uuid",
]

[[package]]
name = "housekeeper"
version = "0.2.0"
dependencies = [
 "infer",
]

[[package]]
name = "infer"
version = "0.5.0"
source = "registry+https://github.com/rust-lang/crates.io-index"
checksum = "ea70330449622910e0edebab230734569516269fb32342fb0a8956340fa48c6c"
dependencies = [
 "cfb",
]

[[package]]
name = "uuid"
version = "0.8.2"
source = "registry+https://github.com/rust-lang/crates.io-index"
checksum = "bc5cf98d8186244414c848017f0e2676b3fcb46807f6668a97dfe67359a3c4b7"
